
Microsoft Visual Studio Solution File, Format Version 12.00
# Visual Studio Version 16
VisualStudioVersion = 16.0.31005.135
MinimumVisualStudioVersion = 10.0.40219.1
Project("{FAE04EC0-301F-11D3-BF4B-00C04F79EFBC}") = "MultiTClient-Project", "MultiTClient-Project.csproj", "{0F1F3312-36C3-440E-998F-E769F5518531}"
EndProject
Project("{FAE04EC0-301F-11D3-BF4B-00C04F79EFBC}") = "MultiTServer-Project", "..\MultiTServer-Project\MultiTServer-Project.csproj", "{BF770DFF-D767-485A-A664-DCFA136CA387}"
EndProject
Global
	GlobalSection(SolutionConfigurationPlatforms) = preSolution
		Debug|Any CPU = Debug|Any CPU
		Release|Any CPU = Release|Any CPU
	EndGlobalSection
	GlobalSection(ProjectConfigurationPlatforms) = postSolution
		{0F1F3312-36C3-440E-998F-E769F5518531}.Debug|Any CPU.ActiveCfg = Debug|Any CPU
		{0F1F3312-36C3-440E-998F-E769F5518531}.Debug|Any CPU.Build.0 = Debug|Any CPU
		{0F1F3312-36C3-440E-998F-E769F5518531}.Release|Any CPU.ActiveCfg = Release|Any CPU
		{0F1F3312-36C3-440E-998F-E769F5518531}.Release|Any CPU.Build.0 = Release|Any CPU
		{BF770DFF-D767-485A-A664-DCFA136CA387}.Debug|Any CPU.ActiveCfg = Debug|Any CPU
		{BF770DFF-D767-485A-A664-DCFA136CA387}.Debug|Any CPU.Build.0 = Debug|Any CPU
		{BF770DFF-D767-485A-A664-DCFA136CA387}.Release|Any CPU.ActiveCfg = Release|Any CPU
		{BF770DFF-D767-485A-A664-DCFA136CA387}.Release|Any CPU.Build.0 = Release|Any CPU
	EndGlobalSection
	GlobalSection(SolutionProperties) = preSolution
		HideSolutionNode = FALSE
	EndGlobalSection
	GlobalSection(ExtensibilityGlobals) = postSolution
		SolutionGuid = {2566D3E3-5490-4FB1-8637-CEE1A03701B0}
	EndGlobalSection
EndGlobal
