
Microsoft Visual Studio Solution File, Format Version 12.00
# Visual Studio Version 16
VisualStudioVersion = 16.0.30907.101
MinimumVisualStudioVersion = 10.0.40219.1
Project("{FAE04EC0-301F-11D3-BF4B-00C04F79EFBC}") = "CTIS479-Homework-1", "CTIS479-Homework-1.csproj", "{CF517B86-AC74-40D1-B357-A5ED77ED8946}"
EndProject
Global
	GlobalSection(SolutionConfigurationPlatforms) = preSolution
		Debug|Any CPU = Debug|Any CPU
		Release|Any CPU = Release|Any CPU
	EndGlobalSection
	GlobalSection(ProjectConfigurationPlatforms) = postSolution
		{CF517B86-AC74-40D1-B357-A5ED77ED8946}.Debug|Any CPU.ActiveCfg = Debug|Any CPU
		{CF517B86-AC74-40D1-B357-A5ED77ED8946}.Debug|Any CPU.Build.0 = Debug|Any CPU
		{CF517B86-AC74-40D1-B357-A5ED77ED8946}.Release|Any CPU.ActiveCfg = Release|Any CPU
		{CF517B86-AC74-40D1-B357-A5ED77ED8946}.Release|Any CPU.Build.0 = Release|Any CPU
	EndGlobalSection
	GlobalSection(SolutionProperties) = preSolution
		HideSolutionNode = FALSE
	EndGlobalSection
	GlobalSection(ExtensibilityGlobals) = postSolution
		SolutionGuid = {E5DA436E-05F1-42ED-AE93-693069984CE6}
	EndGlobalSection
EndGlobal
